{
  "name": "01",
  "version": "1.0.0",
  "lockfileVersion": 1,
  "requires": true,
  "dependencies": {
    "@magic/cases": {
      "version": "0.0.2",
      "resolved": "https://registry.npmjs.org/@magic/cases/-/cases-0.0.2.tgz",
      "integrity": "sha512-Llq+dV01hkzRi8FfnZg8lBIZN6RDkSMI7nlH+Wh/bjPUKOqyds/s8YyY2R0+9GAKzS7sIkhjWXBplaH2lZAfrQ==",
      "dev": true
    },
    "@magic/cli": {
      "version": "0.0.27",
      "resolved": "https://registry.npmjs.org/@magic/cli/-/cli-0.0.27.tgz",
      "integrity": "sha512-kdTYj/KtAZyRQ5c4rDCJFw9hOeq+A/HL8WOvZoRZiXHvHYq0obsrTHrSCVYS4Jbn3xe4j55FIGUCcVkNXxitPg==",
      "dev": true,
      "requires": {
        "@magic/cases": "0.0.2",
        "@magic/log": "0.1.4",
        "@magic/types": "0.1.11"
      }
    },
    "@magic/deep": {
      "version": "0.1.2",
      "resolved": "https://registry.npmjs.org/@magic/deep/-/deep-0.1.2.tgz",
      "integrity": "sha512-k41LYCC5oTkZztyh/Ewtf2c7Sph5Rl1iv8L+h7Fgog5Ve7FZFF7kExPDk+m/Za6Ev93FqpwlJ4YqrL5y3XUDFg==",
      "dev": true,
      "requires": {
        "@magic/types": "0.1.7"
      },
      "dependencies": {
        "@magic/types": {
          "version": "0.1.7",
          "resolved": "https://registry.npmjs.org/@magic/types/-/types-0.1.7.tgz",
          "integrity": "sha512-FTDPXIad3aCUHocKOQdxfzAOXp1tifhmZWYsAuneE2N/p7pXUxbj+jfrl7RUZQ1wIIB7/qnGeBsEwZtpNCm+Fw==",
          "dev": true
        }
      }
    },
    "@magic/error": {
      "version": "0.0.5",
      "resolved": "https://registry.npmjs.org/@magic/error/-/error-0.0.5.tgz",
      "integrity": "sha512-YxDkh4CyfiYYxB7TYcHTqacoKq4XSrhLSGNLTH/NAi9Eo/oYNesCZpScvMLGqebHQ6vipRh5RzsqVy1+gVNgMA==",
      "dev": true,
      "requires": {
        "@magic/types": "0.1.11"
      }
    },
    "@magic/format": {
      "version": "0.0.10",
      "resolved": "https://registry.npmjs.org/@magic/format/-/format-0.0.10.tgz",
      "integrity": "sha512-yFOxRMVC1bt23by9u44tuN2a0lBdwvU3HNsk2ujCpPdN8Bj4u11z2pW3x0sah75ZsKwVFzmCoK2KKPiZMQ8l8w==",
      "dev": true,
      "requires": {
        "@magic/cli": "0.0.27",
        "@magic/deep": "0.1.2",
        "@magic/fs": "0.0.5",
        "@magic/log": "0.1.4",
        "@magic/types": "0.1.11",
        "prettier": "2.0.5"
      }
    },
    "@magic/fs": {
      "version": "0.0.5",
      "resolved": "https://registry.npmjs.org/@magic/fs/-/fs-0.0.5.tgz",
      "integrity": "sha512-Z2LllMVUMUxwgoDVFmFfHfQbOBBqXqRJbXh7UqOdOeaGUZb2yA26rZ2Szy0WSkpdGMvkEOlk/t2NqP6kLQ3gbw==",
      "dev": true,
      "requires": {
        "@magic/deep": "0.1.2",
        "@magic/error": "0.0.5",
        "@magic/mime-types": "0.0.2",
        "@magic/types": "0.1.11"
      }
    },
    "@magic/log": {
      "version": "0.1.4",
      "resolved": "https://registry.npmjs.org/@magic/log/-/log-0.1.4.tgz",
      "integrity": "sha512-GUiOKQ/L3hnMEYtuYwQ/bjQpVDFa0QReVOwenJVqSJcPXlEZTF7fHoiXHQYcvQ22KduY4AJSxq5f58JvQZaKmg==",
      "dev": true,
      "requires": {
        "@magic/types": "0.1.11"
      }
    },
    "@magic/mime-types": {
      "version": "0.0.2",
      "resolved": "https://registry.npmjs.org/@magic/mime-types/-/mime-types-0.0.2.tgz",
      "integrity": "sha512-drktsqBy7GdJ+rS4yFjbmA+aRU/kpPstN4vWkGSFeS3gEAUP/I7zxz2jL8dPEnWFmvxYWausJpshGVZk3+H+XA==",
      "dev": true
    },
    "@magic/types": {
      "version": "0.1.11",
      "resolved": "https://registry.npmjs.org/@magic/types/-/types-0.1.11.tgz",
      "integrity": "sha512-4eateLebE9Txx4gPjUMpDkCDzrECfxPqAWMgim1kADETPnGAgRTHWbMMCtDZGpp48Jj/5sln0iXqp5GrJZH5EA==",
      "dev": true
    },
    "prettier": {
      "version": "2.0.5",
      "resolved": "https://registry.npmjs.org/prettier/-/prettier-2.0.5.tgz",
      "integrity": "sha512-7PtVymN48hGcO4fGjybyBSIWDsLU4H4XlvOHfq91pz9kkGlonzwTfYkaIEwiRg/dAJF9YlbsduBAgtYLi+8cFg==",
      "dev": true
    }
  }
}
